
Microsoft Visual Studio Solution File, Format Version 12.00
# Visual Studio Version 17
VisualStudioVersion = 17.10.34825.169
MinimumVisualStudioVersion = 10.0.40219.1
Project("{FAE04EC0-301F-11D3-BF4B-00C04F79EFBC}") = "BLL", "BLL.csproj", "{F57F4B69-2370-4A37-A28D-E214084C3890}"
EndProject
Project("{FAE04EC0-301F-11D3-BF4B-00C04F79EFBC}") = "DAL", "..\DAL\DAL.csproj", "{214CDF4D-5180-4754-AA0C-F4FF848D8BE9}"
EndProject
Project("{FAE04EC0-301F-11D3-BF4B-00C04F79EFBC}") = "Entity", "..\ENTITY\Entity.csproj", "{1B0DBA69-C131-4F62-8EEB-F60FB54F0A03}"
EndProject
Project("{FAE04EC0-301F-11D3-BF4B-00C04F79EFBC}") = "Presentacion", "..\PRESENTACION\Presentacion.csproj", "{E35A98E4-82E1-4FB8-B440-503FEA011694}"
EndProject
Global
	GlobalSection(SolutionConfigurationPlatforms) = preSolution
		Debug|Any CPU = Debug|Any CPU
		Release|Any CPU = Release|Any CPU
	EndGlobalSection
	GlobalSection(ProjectConfigurationPlatforms) = postSolution
		{F57F4B69-2370-4A37-A28D-E214084C3890}.Debug|Any CPU.ActiveCfg = Debug|Any CPU
		{F57F4B69-2370-4A37-A28D-E214084C3890}.Debug|Any CPU.Build.0 = Debug|Any CPU
		{F57F4B69-2370-4A37-A28D-E214084C3890}.Release|Any CPU.ActiveCfg = Release|Any CPU
		{F57F4B69-2370-4A37-A28D-E214084C3890}.Release|Any CPU.Build.0 = Release|Any CPU
		{214CDF4D-5180-4754-AA0C-F4FF848D8BE9}.Debug|Any CPU.ActiveCfg = Debug|Any CPU
		{214CDF4D-5180-4754-AA0C-F4FF848D8BE9}.Debug|Any CPU.Build.0 = Debug|Any CPU
		{214CDF4D-5180-4754-AA0C-F4FF848D8BE9}.Release|Any CPU.ActiveCfg = Release|Any CPU
		{214CDF4D-5180-4754-AA0C-F4FF848D8BE9}.Release|Any CPU.Build.0 = Release|Any CPU
		{1B0DBA69-C131-4F62-8EEB-F60FB54F0A03}.Debug|Any CPU.ActiveCfg = Debug|Any CPU
		{1B0DBA69-C131-4F62-8EEB-F60FB54F0A03}.Debug|Any CPU.Build.0 = Debug|Any CPU
		{1B0DBA69-C131-4F62-8EEB-F60FB54F0A03}.Release|Any CPU.ActiveCfg = Release|Any CPU
		{1B0DBA69-C131-4F62-8EEB-F60FB54F0A03}.Release|Any CPU.Build.0 = Release|Any CPU
		{E35A98E4-82E1-4FB8-B440-503FEA011694}.Debug|Any CPU.ActiveCfg = Debug|Any CPU
		{E35A98E4-82E1-4FB8-B440-503FEA011694}.Debug|Any CPU.Build.0 = Debug|Any CPU
		{E35A98E4-82E1-4FB8-B440-503FEA011694}.Release|Any CPU.ActiveCfg = Release|Any CPU
		{E35A98E4-82E1-4FB8-B440-503FEA011694}.Release|Any CPU.Build.0 = Release|Any CPU
	EndGlobalSection
	GlobalSection(SolutionProperties) = preSolution
		HideSolutionNode = FALSE
	EndGlobalSection
	GlobalSection(ExtensibilityGlobals) = postSolution
		SolutionGuid = {BDF38550-6E88-4AEA-8E4C-5E18298525A3}
	EndGlobalSection
EndGlobal
